version = 1
tool = "telos 0.7.1"
sealed_by = "CHG-0004"
spec_digest = "sha256:4a0bc4bc01a5ead2125c7b89f51f26b598370e56dfda9d7f2493a47078ef66e2"

[spec]
"telos/bindings.tel" = "f221cb9c4872c093a63fb71a2f73ad63d05618ab"
"telos/constraints/CON-0001.tel" = "eb88865b1d424013cfe28db364f87e8da6cdfebc"
"telos/intents/INT-0001.tel" = "371b759ecda5c85f876b4e9e1644cc20cd799ac3"
"telos/intents/INT-0002.tel" = "6a93647d480347efd7f3bdcd09c4c2323fffef2a"
"telos/intents/INT-0003.tel" = "4eace376913677e82d560aabedaca49a1e085e08"
"telos/intents/INT-0004.tel" = "92f222626e54d7c286c2e07fcd2eb2da89e95463"
"telos/intents/INT-0005.tel" = "7e4bad47d3008de239cae377a4470d2b8ea6f15a"
"telos/intents/INT-0006.tel" = "3849d84075e55c503b059bdd1cc0d16990906d64"
"telos/intents/INT-0007.tel" = "6dfcde1fc81ef53dcc2afb6c405ad7029e1690a5"
"telos/intents/INT-0008.tel" = "1e510ddbc43b5a5e7b8d92ec9022cfe3845e6855"
"telos/intents/INT-0009.tel" = "c5375ca8e42056a85ffde3d1ebc2a7a5afafcaad"
"telos/notions/FeedPet.tel" = "7340895d28e5f6e802452c1ad915cc729f9a0d87"
"telos/notions/HatchPet.tel" = "05526d2d6b2a9cb9c6b5e233f48938ea865a650b"
"telos/notions/Owner.tel" = "ad3d0c6c9ba3da15defb5f67296a681313ef75fa"
"telos/notions/Pet.tel" = "9474b4b5155a76fa394eade496f919d589e1a98b"
"telos/notions/PlayWithPet.tel" = "3ba07263897dae419fe9e87716d9bae5a500cf60"
"telos/notions/PutPetToBed.tel" = "7f4dc34f9d13a6e2535bff87eef313e9fd238ec0"
"telos/notions/TimeTicks.tel" = "ff9f30baa6e5a0f8a3ee9b1c64cd7363f54a1cbb"
"telos/telos.toml" = "c56e8dc5acecb8b1f7ce33c6cd5a5d3ab301ca2f"

[code]
"pytest.ini" = "9c3cac73f3295e3084f576cd314cb73bc94496fa"
"tamagotchi/__init__.py" = "e6588c53b4306420f25c24cf979b010a95dddaee"
"tamagotchi/pet.py" = "4e7896e931dd54414e1520dc0eb9c49486e4e28f"
"tests/test_death.py" = "f60026fb749170bb5c7733dfeff6e4e97cae3b13"
"tests/test_feed.py" = "780f1e222e73867e07df151fd9819b95119d3091"
"tests/test_hatch.py" = "ca359fa26b6f419c5ad47775b5ee07f85b3a9582"
"tests/test_play.py" = "2d9f16da0ab198d4b9e01e6faa695f603809ffbb"
"tests/test_sleep.py" = "655a06649b17eae26f05d379ef1da18c9f34a048"
"tests/test_tick.py" = "00ca23892aa13a742730b29ee52540d75ba5eb10"
"tests/test_vitals.py" = "d905b48f864dc40b7461b2299c6c6d8e549c4090"
