version = 1
tool = "telos 0.7.1"
sealed_by = "CHG-0002"
spec_digest = "sha256:4a5c39a8585bbc7d35b15fd0cd18ca42fb4187817a8dc04c4a9d090d92bb63ab"

[spec]
"telos/bindings.tel" = "52f7d2ecd6ae31885b223dd734b27e1d1d8b0849"
"telos/intents/INT-0001.tel" = "371b759ecda5c85f876b4e9e1644cc20cd799ac3"
"telos/intents/INT-0002.tel" = "6a93647d480347efd7f3bdcd09c4c2323fffef2a"
"telos/intents/INT-0003.tel" = "4eace376913677e82d560aabedaca49a1e085e08"
"telos/notions/FeedPet.tel" = "7340895d28e5f6e802452c1ad915cc729f9a0d87"
"telos/notions/HatchPet.tel" = "05526d2d6b2a9cb9c6b5e233f48938ea865a650b"
"telos/notions/Owner.tel" = "ad3d0c6c9ba3da15defb5f67296a681313ef75fa"
"telos/notions/Pet.tel" = "b9f94e8e1feaad733865e4f4fb1a4688beb4fdcb"
"telos/notions/PlayWithPet.tel" = "3ba07263897dae419fe9e87716d9bae5a500cf60"
"telos/telos.toml" = "c56e8dc5acecb8b1f7ce33c6cd5a5d3ab301ca2f"

[code]
"pytest.ini" = "9c3cac73f3295e3084f576cd314cb73bc94496fa"
"tamagotchi/__init__.py" = "e6588c53b4306420f25c24cf979b010a95dddaee"
"tamagotchi/pet.py" = "029e95decfd65227b408cb15db3bc0c4e7a835a2"
"tests/test_feed.py" = "780f1e222e73867e07df151fd9819b95119d3091"
"tests/test_hatch.py" = "ca359fa26b6f419c5ad47775b5ee07f85b3a9582"
"tests/test_play.py" = "4684278e2a907ee643cf103176a1d1ad25004ed1"
